
Microsoft Visual Studio Solution File, Format Version 12.00
# Visual Studio 15
VisualStudioVersion = 15.0.27703.2000
MinimumVisualStudioVersion = 10.0.40219.1
Project("{FAE04EC0-301F-11D3-BF4B-00C04F79EFBC}") = "2DGame", "2DGame\2DGame.csproj", "{A7D277C5-D76D-4EA2-B294-07B0DC95F973}"
EndProject
Global
	GlobalSection(SolutionConfigurationPlatforms) = preSolution
		Debug|Any CPU = Debug|Any CPU
		Release|Any CPU = Release|Any CPU
	EndGlobalSection
	GlobalSection(ProjectConfigurationPlatforms) = postSolution
		{A7D277C5-D76D-4EA2-B294-07B0DC95F973}.Debug|Any CPU.ActiveCfg = Debug|Any CPU
		{A7D277C5-D76D-4EA2-B294-07B0DC95F973}.Debug|Any CPU.Build.0 = Debug|Any CPU
		{A7D277C5-D76D-4EA2-B294-07B0DC95F973}.Release|Any CPU.ActiveCfg = Release|Any CPU
		{A7D277C5-D76D-4EA2-B294-07B0DC95F973}.Release|Any CPU.Build.0 = Release|Any CPU
	EndGlobalSection
	GlobalSection(SolutionProperties) = preSolution
		HideSolutionNode = FALSE
	EndGlobalSection
	GlobalSection(ExtensibilityGlobals) = postSolution
		SolutionGuid = {7CA8E86B-8700-4D74-986A-071A9A28489B}
	EndGlobalSection
EndGlobal
